
Microsoft Visual Studio Solution File, Format Version 10.00
# Visual Studio 2008
Project("{FAE04EC0-301F-11D3-BF4B-00C04F79EFBC}") = "SP.Core", "SP.Core\SP.Core.csproj", "{0D1CED41-AD5C-44C5-BCD6-A251C702396E}"
EndProject
Project("{FAE04EC0-301F-11D3-BF4B-00C04F79EFBC}") = "SP.Data", "SP.Data\SP.Data.csproj", "{DB71EFBB-AB70-4482-B750-8F8E5BAAED09}"
EndProject
Project("{FAE04EC0-301F-11D3-BF4B-00C04F79EFBC}") = "SP.Worker", "SP.Worker\SP.Worker.csproj", "{73442781-4DFF-48C1-8F66-7363AAD21475}"
EndProject
Project("{FAE04EC0-301F-11D3-BF4B-00C04F79EFBC}") = "SPWCFServer", "SPWCFServer\SPWCFServer.csproj", "{6359A152-40C5-4B8E-9AEB-D320BCE13584}"
EndProject
Project("{FAE04EC0-301F-11D3-BF4B-00C04F79EFBC}") = "SP.Utils", "SP.Utils\SP.Utils.csproj", "{D446DCEC-2802-4948-8B14-CC7198E1A0DF}"
EndProject
Project("{E24C65DC-7377-472B-9ABA-BC803B73C61A}") = "SuperCreamWS", "SuperCreamWS\", "{3CAC1617-4B72-44EE-AC5C-E83B9F987BDA}"
	ProjectSection(WebsiteProperties) = preProject
		TargetFramework = "3.5"
		ProjectReferences = "{D446DCEC-2802-4948-8B14-CC7198E1A0DF}|SP.Utils.dll;"
		Debug.AspNetCompiler.VirtualPath = "/SuperCreamWS"
		Debug.AspNetCompiler.PhysicalPath = "SuperCreamWS\"
		Debug.AspNetCompiler.TargetPath = "PrecompiledWeb\SuperCreamWS\"
		Debug.AspNetCompiler.Updateable = "true"
		Debug.AspNetCompiler.ForceOverwrite = "true"
		Debug.AspNetCompiler.FixedNames = "false"
		Debug.AspNetCompiler.Debug = "True"
		Release.AspNetCompiler.VirtualPath = "/SuperCreamWS"
		Release.AspNetCompiler.PhysicalPath = "SuperCreamWS\"
		Release.AspNetCompiler.TargetPath = "PrecompiledWeb\SuperCreamWS\"
		Release.AspNetCompiler.Updateable = "true"
		Release.AspNetCompiler.ForceOverwrite = "true"
		Release.AspNetCompiler.FixedNames = "false"
		Release.AspNetCompiler.Debug = "False"
		VWDPort = "58832"
	EndProjectSection
	ProjectSection(ProjectDependencies) = postProject
		{6359A152-40C5-4B8E-9AEB-D320BCE13584} = {6359A152-40C5-4B8E-9AEB-D320BCE13584}
	EndProjectSection
EndProject
Project("{FAE04EC0-301F-11D3-BF4B-00C04F79EFBC}") = "SuperCreamAdmin", "SuperCreamAdmin\SuperCreamAdmin.csproj", "{E51FF7FD-F070-499D-A781-F83BC6495B86}"
EndProject
Project("{FAE04EC0-301F-11D3-BF4B-00C04F79EFBC}") = "SuperCreamAdmin.Tests", "SuperCreamAdmin.Tests\SuperCreamAdmin.Tests.csproj", "{543393A0-6130-427E-840B-68EEDD8D05B9}"
EndProject
Global
	GlobalSection(SolutionConfigurationPlatforms) = preSolution
		Debug|Any CPU = Debug|Any CPU
		Release|Any CPU = Release|Any CPU
	EndGlobalSection
	GlobalSection(ProjectConfigurationPlatforms) = postSolution
		{0D1CED41-AD5C-44C5-BCD6-A251C702396E}.Debug|Any CPU.ActiveCfg = Debug|Any CPU
		{0D1CED41-AD5C-44C5-BCD6-A251C702396E}.Debug|Any CPU.Build.0 = Debug|Any CPU
		{0D1CED41-AD5C-44C5-BCD6-A251C702396E}.Release|Any CPU.ActiveCfg = Release|Any CPU
		{0D1CED41-AD5C-44C5-BCD6-A251C702396E}.Release|Any CPU.Build.0 = Release|Any CPU
		{DB71EFBB-AB70-4482-B750-8F8E5BAAED09}.Debug|Any CPU.ActiveCfg = Debug|Any CPU
		{DB71EFBB-AB70-4482-B750-8F8E5BAAED09}.Debug|Any CPU.Build.0 = Debug|Any CPU
		{DB71EFBB-AB70-4482-B750-8F8E5BAAED09}.Release|Any CPU.ActiveCfg = Release|Any CPU
		{DB71EFBB-AB70-4482-B750-8F8E5BAAED09}.Release|Any CPU.Build.0 = Release|Any CPU
		{73442781-4DFF-48C1-8F66-7363AAD21475}.Debug|Any CPU.ActiveCfg = Debug|Any CPU
		{73442781-4DFF-48C1-8F66-7363AAD21475}.Debug|Any CPU.Build.0 = Debug|Any CPU
		{73442781-4DFF-48C1-8F66-7363AAD21475}.Release|Any CPU.ActiveCfg = Release|Any CPU
		{73442781-4DFF-48C1-8F66-7363AAD21475}.Release|Any CPU.Build.0 = Release|Any CPU
		{6359A152-40C5-4B8E-9AEB-D320BCE13584}.Debug|Any CPU.ActiveCfg = Debug|Any CPU
		{6359A152-40C5-4B8E-9AEB-D320BCE13584}.Debug|Any CPU.Build.0 = Debug|Any CPU
		{6359A152-40C5-4B8E-9AEB-D320BCE13584}.Release|Any CPU.ActiveCfg = Release|Any CPU
		{6359A152-40C5-4B8E-9AEB-D320BCE13584}.Release|Any CPU.Build.0 = Release|Any CPU
		{D446DCEC-2802-4948-8B14-CC7198E1A0DF}.Debug|Any CPU.ActiveCfg = Debug|Any CPU
		{D446DCEC-2802-4948-8B14-CC7198E1A0DF}.Debug|Any CPU.Build.0 = Debug|Any CPU
		{D446DCEC-2802-4948-8B14-CC7198E1A0DF}.Release|Any CPU.ActiveCfg = Release|Any CPU
		{D446DCEC-2802-4948-8B14-CC7198E1A0DF}.Release|Any CPU.Build.0 = Release|Any CPU
		{3CAC1617-4B72-44EE-AC5C-E83B9F987BDA}.Debug|Any CPU.ActiveCfg = Debug|Any CPU
		{3CAC1617-4B72-44EE-AC5C-E83B9F987BDA}.Debug|Any CPU.Build.0 = Debug|Any CPU
		{3CAC1617-4B72-44EE-AC5C-E83B9F987BDA}.Release|Any CPU.ActiveCfg = Debug|Any CPU
		{3CAC1617-4B72-44EE-AC5C-E83B9F987BDA}.Release|Any CPU.Build.0 = Debug|Any CPU
		{E51FF7FD-F070-499D-A781-F83BC6495B86}.Debug|Any CPU.ActiveCfg = Debug|Any CPU
		{E51FF7FD-F070-499D-A781-F83BC6495B86}.Debug|Any CPU.Build.0 = Debug|Any CPU
		{E51FF7FD-F070-499D-A781-F83BC6495B86}.Release|Any CPU.ActiveCfg = Release|Any CPU
		{E51FF7FD-F070-499D-A781-F83BC6495B86}.Release|Any CPU.Build.0 = Release|Any CPU
		{543393A0-6130-427E-840B-68EEDD8D05B9}.Debug|Any CPU.ActiveCfg = Debug|Any CPU
		{543393A0-6130-427E-840B-68EEDD8D05B9}.Debug|Any CPU.Build.0 = Debug|Any CPU
		{543393A0-6130-427E-840B-68EEDD8D05B9}.Release|Any CPU.ActiveCfg = Release|Any CPU
		{543393A0-6130-427E-840B-68EEDD8D05B9}.Release|Any CPU.Build.0 = Release|Any CPU
	EndGlobalSection
	GlobalSection(SolutionProperties) = preSolution
		HideSolutionNode = FALSE
	EndGlobalSection
EndGlobal
