
Microsoft Visual Studio Solution File, Format Version 10.00
# Visual Studio 2008
Project("{FAE04EC0-301F-11D3-BF4B-00C04F79EFBC}") = "SP.Core", "SP.Core\SP.Core.csproj", "{0D1CED41-AD5C-44C5-BCD6-A251C702396E}"
EndProject
Project("{FAE04EC0-301F-11D3-BF4B-00C04F79EFBC}") = "SP.Data", "SP.Data\SP.Data.csproj", "{DB71EFBB-AB70-4482-B750-8F8E5BAAED09}"
EndProject
Project("{FAE04EC0-301F-11D3-BF4B-00C04F79EFBC}") = "SP.Worker", "SP.Worker\SP.Worker.csproj", "{73442781-4DFF-48C1-8F66-7363AAD21475}"
EndProject
Project("{FAE04EC0-301F-11D3-BF4B-00C04F79EFBC}") = "SPWCFServer", "SPWCFServer\SPWCFServer.csproj", "{6359A152-40C5-4B8E-9AEB-D320BCE13584}"
EndProject
Project("{FAE04EC0-301F-11D3-BF4B-00C04F79EFBC}") = "SP.Utils", "SP.Utils\SP.Utils.csproj", "{D446DCEC-2802-4948-8B14-CC7198E1A0DF}"
EndProject
Project("{E24C65DC-7377-472B-9ABA-BC803B73C61A}") = "SuperCreamWS", "SuperCreamWS\", "{3CAC1617-4B72-44EE-AC5C-E83B9F987BDA}"
	ProjectSection(WebsiteProperties) = preProject
		TargetFramework = "3.5"
		ProjectReferences = "{D446DCEC-2802-4948-8B14-CC7198E1A0DF}|SP.Utils.dll;{95669874-D934-42BD-96E2-5C317F2EFEFF}|AlteraxWebControls.dll;{0D1CED41-AD5C-44C5-BCD6-A251C702396E}|SP.Core.dll;{491F113C-BB55-4839-BC49-7B56AD4D92F6}|SP.Mvp.dll;"
		Debug.AspNetCompiler.VirtualPath = "/SuperCreamWS"
		Debug.AspNetCompiler.PhysicalPath = "SuperCreamWS\"
		Debug.AspNetCompiler.TargetPath = "PrecompiledWeb\SuperCreamWS\"
		Debug.AspNetCompiler.Updateable = "true"
		Debug.AspNetCompiler.ForceOverwrite = "true"
		Debug.AspNetCompiler.FixedNames = "false"
		Debug.AspNetCompiler.Debug = "True"
		Release.AspNetCompiler.VirtualPath = "/SuperCreamWS"
		Release.AspNetCompiler.PhysicalPath = "SuperCreamWS\"
		Release.AspNetCompiler.TargetPath = "PrecompiledWeb\SuperCreamWS\"
		Release.AspNetCompiler.Updateable = "true"
		Release.AspNetCompiler.ForceOverwrite = "true"
		Release.AspNetCompiler.FixedNames = "false"
		Release.AspNetCompiler.Debug = "False"
		VWDPort = "58832"
	EndProjectSection
	ProjectSection(ProjectDependencies) = postProject
		{6359A152-40C5-4B8E-9AEB-D320BCE13584} = {6359A152-40C5-4B8E-9AEB-D320BCE13584}
	EndProjectSection
EndProject
Project("{FAE04EC0-301F-11D3-BF4B-00C04F79EFBC}") = "SuperCreamAdmin", "SuperCreamAdmin\SuperCreamAdmin.csproj", "{E51FF7FD-F070-499D-A781-F83BC6495B86}"
EndProject
Project("{FAE04EC0-301F-11D3-BF4B-00C04F79EFBC}") = "SuperCreamAdmin.Tests", "SuperCreamAdmin.Tests\SuperCreamAdmin.Tests.csproj", "{543393A0-6130-427E-840B-68EEDD8D05B9}"
EndProject
Project("{FAE04EC0-301F-11D3-BF4B-00C04F79EFBC}") = "AlteraxWebControls", "AlteraxWebControls\AlteraxWebControls\AlteraxWebControls.csproj", "{95669874-D934-42BD-96E2-5C317F2EFEFF}"
EndProject
Project("{FAE04EC0-301F-11D3-BF4B-00C04F79EFBC}") = "WebFormsMvp", "WebFormsMvp\WebFormsMvp.csproj", "{E265BF3E-8CCB-4C22-8C15-263735227A3D}"
EndProject
Project("{FAE04EC0-301F-11D3-BF4B-00C04F79EFBC}") = "WebFormsMvp.Castle", "WebFormsMvp.Castle\WebFormsMvp.Castle.csproj", "{D20C328A-5DEC-465B-8A19-662DA2532D88}"
EndProject
Project("{FAE04EC0-301F-11D3-BF4B-00C04F79EFBC}") = "WebFormsMvp.Autofac", "WebFormsMvp.Autofac\WebFormsMvp.Autofac.csproj", "{FBD0408C-2801-490F-859A-56192282A987}"
EndProject
Project("{FAE04EC0-301F-11D3-BF4B-00C04F79EFBC}") = "WebFormsMvp.Unity", "WebFormsMvp.Unity\WebFormsMvp.Unity.csproj", "{5A4DF7CD-3443-41DC-BAAD-05C061A6FB32}"
EndProject
Project("{FAE04EC0-301F-11D3-BF4B-00C04F79EFBC}") = "SP.Mvp", "SP.Mvp\SP.Mvp.csproj", "{491F113C-BB55-4839-BC49-7B56AD4D92F6}"
EndProject
Project("{FAE04EC0-301F-11D3-BF4B-00C04F79EFBC}") = "SP.Mvp.FitnesseTests", "SP.Mvp.FitnesseTests\SP.Mvp.FitnesseTests.csproj", "{450B5DA8-EFC6-42A4-A134-D86A1C100E9C}"
EndProject
Project("{FAE04EC0-301F-11D3-BF4B-00C04F79EFBC}") = "SP.Mvp.UnitTests", "SP.Mvp.UnitTests\SP.Mvp.UnitTests.csproj", "{E20779CE-147D-4DA3-A3D7-9F79DBB4C23E}"
EndProject
Project("{FAE04EC0-301F-11D3-BF4B-00C04F79EFBC}") = "SP.Mvp.ConsoleTest", "SP.Mvp.ConsoleTest\SP.Mvp.ConsoleTest.csproj", "{CD15BFE7-9950-4BDF-AF36-17CFF7AA8637}"
EndProject
Global
	GlobalSection(SolutionConfigurationPlatforms) = preSolution
		Debug|Any CPU = Debug|Any CPU
		Release|Any CPU = Release|Any CPU
	EndGlobalSection
	GlobalSection(ProjectConfigurationPlatforms) = postSolution
		{0D1CED41-AD5C-44C5-BCD6-A251C702396E}.Debug|Any CPU.ActiveCfg = Debug|Any CPU
		{0D1CED41-AD5C-44C5-BCD6-A251C702396E}.Debug|Any CPU.Build.0 = Debug|Any CPU
		{0D1CED41-AD5C-44C5-BCD6-A251C702396E}.Release|Any CPU.ActiveCfg = Release|Any CPU
		{0D1CED41-AD5C-44C5-BCD6-A251C702396E}.Release|Any CPU.Build.0 = Release|Any CPU
		{DB71EFBB-AB70-4482-B750-8F8E5BAAED09}.Debug|Any CPU.ActiveCfg = Debug|Any CPU
		{DB71EFBB-AB70-4482-B750-8F8E5BAAED09}.Debug|Any CPU.Build.0 = Debug|Any CPU
		{DB71EFBB-AB70-4482-B750-8F8E5BAAED09}.Release|Any CPU.ActiveCfg = Release|Any CPU
		{DB71EFBB-AB70-4482-B750-8F8E5BAAED09}.Release|Any CPU.Build.0 = Release|Any CPU
		{73442781-4DFF-48C1-8F66-7363AAD21475}.Debug|Any CPU.ActiveCfg = Debug|Any CPU
		{73442781-4DFF-48C1-8F66-7363AAD21475}.Debug|Any CPU.Build.0 = Debug|Any CPU
		{73442781-4DFF-48C1-8F66-7363AAD21475}.Release|Any CPU.ActiveCfg = Release|Any CPU
		{73442781-4DFF-48C1-8F66-7363AAD21475}.Release|Any CPU.Build.0 = Release|Any CPU
		{6359A152-40C5-4B8E-9AEB-D320BCE13584}.Debug|Any CPU.ActiveCfg = Debug|Any CPU
		{6359A152-40C5-4B8E-9AEB-D320BCE13584}.Debug|Any CPU.Build.0 = Debug|Any CPU
		{6359A152-40C5-4B8E-9AEB-D320BCE13584}.Release|Any CPU.ActiveCfg = Release|Any CPU
		{6359A152-40C5-4B8E-9AEB-D320BCE13584}.Release|Any CPU.Build.0 = Release|Any CPU
		{D446DCEC-2802-4948-8B14-CC7198E1A0DF}.Debug|Any CPU.ActiveCfg = Debug|Any CPU
		{D446DCEC-2802-4948-8B14-CC7198E1A0DF}.Debug|Any CPU.Build.0 = Debug|Any CPU
		{D446DCEC-2802-4948-8B14-CC7198E1A0DF}.Release|Any CPU.ActiveCfg = Release|Any CPU
		{D446DCEC-2802-4948-8B14-CC7198E1A0DF}.Release|Any CPU.Build.0 = Release|Any CPU
		{3CAC1617-4B72-44EE-AC5C-E83B9F987BDA}.Debug|Any CPU.ActiveCfg = Debug|Any CPU
		{3CAC1617-4B72-44EE-AC5C-E83B9F987BDA}.Debug|Any CPU.Build.0 = Debug|Any CPU
		{3CAC1617-4B72-44EE-AC5C-E83B9F987BDA}.Release|Any CPU.ActiveCfg = Debug|Any CPU
		{3CAC1617-4B72-44EE-AC5C-E83B9F987BDA}.Release|Any CPU.Build.0 = Debug|Any CPU
		{E51FF7FD-F070-499D-A781-F83BC6495B86}.Debug|Any CPU.ActiveCfg = Debug|Any CPU
		{E51FF7FD-F070-499D-A781-F83BC6495B86}.Debug|Any CPU.Build.0 = Debug|Any CPU
		{E51FF7FD-F070-499D-A781-F83BC6495B86}.Release|Any CPU.ActiveCfg = Release|Any CPU
		{E51FF7FD-F070-499D-A781-F83BC6495B86}.Release|Any CPU.Build.0 = Release|Any CPU
		{543393A0-6130-427E-840B-68EEDD8D05B9}.Debug|Any CPU.ActiveCfg = Debug|Any CPU
		{543393A0-6130-427E-840B-68EEDD8D05B9}.Debug|Any CPU.Build.0 = Debug|Any CPU
		{543393A0-6130-427E-840B-68EEDD8D05B9}.Release|Any CPU.ActiveCfg = Release|Any CPU
		{543393A0-6130-427E-840B-68EEDD8D05B9}.Release|Any CPU.Build.0 = Release|Any CPU
		{95669874-D934-42BD-96E2-5C317F2EFEFF}.Debug|Any CPU.ActiveCfg = Debug|Any CPU
		{95669874-D934-42BD-96E2-5C317F2EFEFF}.Debug|Any CPU.Build.0 = Debug|Any CPU
		{95669874-D934-42BD-96E2-5C317F2EFEFF}.Release|Any CPU.ActiveCfg = Release|Any CPU
		{95669874-D934-42BD-96E2-5C317F2EFEFF}.Release|Any CPU.Build.0 = Release|Any CPU
		{E265BF3E-8CCB-4C22-8C15-263735227A3D}.Debug|Any CPU.ActiveCfg = Debug|Any CPU
		{E265BF3E-8CCB-4C22-8C15-263735227A3D}.Debug|Any CPU.Build.0 = Debug|Any CPU
		{E265BF3E-8CCB-4C22-8C15-263735227A3D}.Release|Any CPU.ActiveCfg = Release|Any CPU
		{E265BF3E-8CCB-4C22-8C15-263735227A3D}.Release|Any CPU.Build.0 = Release|Any CPU
		{D20C328A-5DEC-465B-8A19-662DA2532D88}.Debug|Any CPU.ActiveCfg = Debug|Any CPU
		{D20C328A-5DEC-465B-8A19-662DA2532D88}.Debug|Any CPU.Build.0 = Debug|Any CPU
		{D20C328A-5DEC-465B-8A19-662DA2532D88}.Release|Any CPU.ActiveCfg = Release|Any CPU
		{D20C328A-5DEC-465B-8A19-662DA2532D88}.Release|Any CPU.Build.0 = Release|Any CPU
		{FBD0408C-2801-490F-859A-56192282A987}.Debug|Any CPU.ActiveCfg = Debug|Any CPU
		{FBD0408C-2801-490F-859A-56192282A987}.Debug|Any CPU.Build.0 = Debug|Any CPU
		{FBD0408C-2801-490F-859A-56192282A987}.Release|Any CPU.ActiveCfg = Release|Any CPU
		{FBD0408C-2801-490F-859A-56192282A987}.Release|Any CPU.Build.0 = Release|Any CPU
		{5A4DF7CD-3443-41DC-BAAD-05C061A6FB32}.Debug|Any CPU.ActiveCfg = Debug|Any CPU
		{5A4DF7CD-3443-41DC-BAAD-05C061A6FB32}.Debug|Any CPU.Build.0 = Debug|Any CPU
		{5A4DF7CD-3443-41DC-BAAD-05C061A6FB32}.Release|Any CPU.ActiveCfg = Release|Any CPU
		{5A4DF7CD-3443-41DC-BAAD-05C061A6FB32}.Release|Any CPU.Build.0 = Release|Any CPU
		{491F113C-BB55-4839-BC49-7B56AD4D92F6}.Debug|Any CPU.ActiveCfg = Debug|Any CPU
		{491F113C-BB55-4839-BC49-7B56AD4D92F6}.Debug|Any CPU.Build.0 = Debug|Any CPU
		{491F113C-BB55-4839-BC49-7B56AD4D92F6}.Release|Any CPU.ActiveCfg = Release|Any CPU
		{491F113C-BB55-4839-BC49-7B56AD4D92F6}.Release|Any CPU.Build.0 = Release|Any CPU
		{450B5DA8-EFC6-42A4-A134-D86A1C100E9C}.Debug|Any CPU.ActiveCfg = Debug|Any CPU
		{450B5DA8-EFC6-42A4-A134-D86A1C100E9C}.Debug|Any CPU.Build.0 = Debug|Any CPU
		{450B5DA8-EFC6-42A4-A134-D86A1C100E9C}.Release|Any CPU.ActiveCfg = Release|Any CPU
		{450B5DA8-EFC6-42A4-A134-D86A1C100E9C}.Release|Any CPU.Build.0 = Release|Any CPU
		{E20779CE-147D-4DA3-A3D7-9F79DBB4C23E}.Debug|Any CPU.ActiveCfg = Debug|Any CPU
		{E20779CE-147D-4DA3-A3D7-9F79DBB4C23E}.Debug|Any CPU.Build.0 = Debug|Any CPU
		{E20779CE-147D-4DA3-A3D7-9F79DBB4C23E}.Release|Any CPU.ActiveCfg = Release|Any CPU
		{E20779CE-147D-4DA3-A3D7-9F79DBB4C23E}.Release|Any CPU.Build.0 = Release|Any CPU
		{CD15BFE7-9950-4BDF-AF36-17CFF7AA8637}.Debug|Any CPU.ActiveCfg = Debug|Any CPU
		{CD15BFE7-9950-4BDF-AF36-17CFF7AA8637}.Debug|Any CPU.Build.0 = Debug|Any CPU
		{CD15BFE7-9950-4BDF-AF36-17CFF7AA8637}.Release|Any CPU.ActiveCfg = Release|Any CPU
		{CD15BFE7-9950-4BDF-AF36-17CFF7AA8637}.Release|Any CPU.Build.0 = Release|Any CPU
	EndGlobalSection
	GlobalSection(SolutionProperties) = preSolution
		HideSolutionNode = FALSE
	EndGlobalSection
EndGlobal
